
Microsoft Visual Studio Solution File, Format Version 12.00
# Visual Studio Version 16
VisualStudioVersion = 16.0.30011.22
MinimumVisualStudioVersion = 10.0.40219.1
Project("{FAE04EC0-301F-11D3-BF4B-00C04F79EFBC}") = "Downloader_cli", "Downloader_cli.csproj", "{DA835584-7CB1-4620-BA29-C9A39FBCE553}"
EndProject
Global
	GlobalSection(SolutionConfigurationPlatforms) = preSolution
		Debug|Any CPU = Debug|Any CPU
		Release|Any CPU = Release|Any CPU
	EndGlobalSection
	GlobalSection(ProjectConfigurationPlatforms) = postSolution
		{DA835584-7CB1-4620-BA29-C9A39FBCE553}.Debug|Any CPU.ActiveCfg = Debug|Any CPU
		{DA835584-7CB1-4620-BA29-C9A39FBCE553}.Debug|Any CPU.Build.0 = Debug|Any CPU
		{DA835584-7CB1-4620-BA29-C9A39FBCE553}.Release|Any CPU.ActiveCfg = Release|Any CPU
		{DA835584-7CB1-4620-BA29-C9A39FBCE553}.Release|Any CPU.Build.0 = Release|Any CPU
	EndGlobalSection
	GlobalSection(SolutionProperties) = preSolution
		HideSolutionNode = FALSE
	EndGlobalSection
	GlobalSection(ExtensibilityGlobals) = postSolution
		SolutionGuid = {F1BDFD20-150D-4E32-90E0-C5729B4FC2D2}
	EndGlobalSection
EndGlobal
