
Microsoft Visual Studio Solution File, Format Version 11.00
# Visual Studio 2010
Project("{FAE04EC0-301F-11D3-BF4B-00C04F79EFBC}") = "Assembly-CSharp", "Assembly-CSharp.csproj", "{A672FAEC-55D2-8747-B62D-3279CEAC9CBF}"
EndProject
Project("{FAE04EC0-301F-11D3-BF4B-00C04F79EFBC}") = "Assembly-CSharp-Editor", "Assembly-CSharp-Editor.csproj", "{0221C627-EA88-72E7-61E4-FD5EEA258A90}"
EndProject
Global
	GlobalSection(SolutionConfigurationPlatforms) = preSolution
		Debug|Any CPU = Debug|Any CPU
		Release|Any CPU = Release|Any CPU
	EndGlobalSection
	GlobalSection(ProjectConfigurationPlatforms) = postSolution
		{A672FAEC-55D2-8747-B62D-3279CEAC9CBF}.Debug|Any CPU.ActiveCfg = Debug|Any CPU
		{A672FAEC-55D2-8747-B62D-3279CEAC9CBF}.Debug|Any CPU.Build.0 = Debug|Any CPU
		{A672FAEC-55D2-8747-B62D-3279CEAC9CBF}.Release|Any CPU.ActiveCfg = Release|Any CPU
		{A672FAEC-55D2-8747-B62D-3279CEAC9CBF}.Release|Any CPU.Build.0 = Release|Any CPU
		{0221C627-EA88-72E7-61E4-FD5EEA258A90}.Debug|Any CPU.ActiveCfg = Debug|Any CPU
		{0221C627-EA88-72E7-61E4-FD5EEA258A90}.Debug|Any CPU.Build.0 = Debug|Any CPU
		{0221C627-EA88-72E7-61E4-FD5EEA258A90}.Release|Any CPU.ActiveCfg = Release|Any CPU
		{0221C627-EA88-72E7-61E4-FD5EEA258A90}.Release|Any CPU.Build.0 = Release|Any CPU
	EndGlobalSection
	GlobalSection(SolutionProperties) = preSolution
		HideSolutionNode = FALSE
	EndGlobalSection
	GlobalSection(MonoDevelopProperties) = preSolution
		StartupItem = Assembly-CSharp.csproj
	EndGlobalSection
EndGlobal
